// !$*UTF8*$!
{
	archiveVersion = 1;
	classes = {
	};
	objectVersion = 50;
	objects = {

/* Begin PBXBuildFile section */
		CD20AF38226F7952005AF671 /* AppDelegate.swift in Sources */ = {isa = PBXBuildFile; fileRef = CD20AF37226F7952005AF671 /* AppDelegate.swift */; };
		CD20AF3A226F7952005AF671 /* GoalsVC.swift in Sources */ = {isa = PBXBuildFile; fileRef = CD20AF39226F7952005AF671 /* GoalsVC.swift */; };
		CD20AF3D226F7952005AF671 /* Main.storyboard in Resources */ = {isa = PBXBuildFile; fileRef = CD20AF3B226F7952005AF671 /* Main.storyboard */; };
		CD20AF40226F7952005AF671 /* Goal_Post.xcdatamodeld in Sources */ = {isa = PBXBuildFile; fileRef = CD20AF3E226F7952005AF671 /* Goal_Post.xcdatamodeld */; };
		CD20AF42226F7954005AF671 /* Assets.xcassets in Resources */ = {isa = PBXBuildFile; fileRef = CD20AF41226F7954005AF671 /* Assets.xcassets */; };
		CD20AF45226F7954005AF671 /* LaunchScreen.storyboard in Resources */ = {isa = PBXBuildFile; fileRef = CD20AF43226F7954005AF671 /* LaunchScreen.storyboard */; };
		CD36BA922278A37600F5D18C /* GoalCell.swift in Sources */ = {isa = PBXBuildFile; fileRef = CD36BA912278A37600F5D18C /* GoalCell.swift */; };
		CD36BA942278BB3B00F5D18C /* GoalType.swift in Sources */ = {isa = PBXBuildFile; fileRef = CD36BA932278BB3B00F5D18C /* GoalType.swift */; };
		CD36BA962278C83500F5D18C /* CreateGoalVC.swift in Sources */ = {isa = PBXBuildFile; fileRef = CD36BA952278C83500F5D18C /* CreateGoalVC.swift */; };
		CD36BA982278CA9000F5D18C /* UIViewControllerExt.swift in Sources */ = {isa = PBXBuildFile; fileRef = CD36BA972278CA9000F5D18C /* UIViewControllerExt.swift */; };
		CD36BA9A2278CD4D00F5D18C /* UIViewExt.swift in Sources */ = {isa = PBXBuildFile; fileRef = CD36BA992278CD4D00F5D18C /* UIViewExt.swift */; };
		CD36BA9C2278E3DC00F5D18C /* UIButtonExt.swift in Sources */ = {isa = PBXBuildFile; fileRef = CD36BA9B2278E3DC00F5D18C /* UIButtonExt.swift */; };
		CD36BA9E2278E95900F5D18C /* FinishGoalVC.swift in Sources */ = {isa = PBXBuildFile; fileRef = CD36BA9D2278E95900F5D18C /* FinishGoalVC.swift */; };
/* End PBXBuildFile section */

/* Begin PBXFileReference section */
		CD20AF34226F7952005AF671 /* Goal Post.app */ = {isa = PBXFileReference; explicitFileType = wrapper.application; includeInIndex = 0; path = "Goal Post.app"; sourceTree = BUILT_PRODUCTS_DIR; };
		CD20AF37226F7952005AF671 /* AppDelegate.swift */ = {isa = PBXFileReference; lastKnownFileType = sourcecode.swift; path = AppDelegate.swift; sourceTree = "<group>"; };
		CD20AF39226F7952005AF671 /* GoalsVC.swift */ = {isa = PBXFileReference; lastKnownFileType = sourcecode.swift; path = GoalsVC.swift; sourceTree = "<group>"; };
		CD20AF3C226F7952005AF671 /* Base */ = {isa = PBXFileReference; lastKnownFileType = file.storyboard; name = Base; path = Base.lproj/Main.storyboard; sourceTree = "<group>"; };
		CD20AF3F226F7952005AF671 /* Goal_Post.xcdatamodel */ = {isa = PBXFileReference; lastKnownFileType = wrapper.xcdatamodel; path = Goal_Post.xcdatamodel; sourceTree = "<group>"; };
		CD20AF41226F7954005AF671 /* Assets.xcassets */ = {isa = PBXFileReference; lastKnownFileType = folder.assetcatalog; path = Assets.xcassets; sourceTree = "<group>"; };
		CD20AF44226F7954005AF671 /* Base */ = {isa = PBXFileReference; lastKnownFileType = file.storyboard; name = Base; path = Base.lproj/LaunchScreen.storyboard; sourceTree = "<group>"; };
		CD20AF46226F7954005AF671 /* Info.plist */ = {isa = PBXFileReference; lastKnownFileType = text.plist.xml; path = Info.plist; sourceTree = "<group>"; };
		CD36BA912278A37600F5D18C /* GoalCell.swift */ = {isa = PBXFileReference; lastKnownFileType = sourcecode.swift; path = GoalCell.swift; sourceTree = "<group>"; };
		CD36BA932278BB3B00F5D18C /* GoalType.swift */ = {isa = PBXFileReference; lastKnownFileType = sourcecode.swift; path = GoalType.swift; sourceTree = "<group>"; };
		CD36BA952278C83500F5D18C /* CreateGoalVC.swift */ = {isa = PBXFileReference; lastKnownFileType = sourcecode.swift; path = CreateGoalVC.swift; sourceTree = "<group>"; };
		CD36BA972278CA9000F5D18C /* UIViewControllerExt.swift */ = {isa = PBXFileReference; lastKnownFileType = sourcecode.swift; path = UIViewControllerExt.swift; sourceTree = "<group>"; };
		CD36BA992278CD4D00F5D18C /* UIViewExt.swift */ = {isa = PBXFileReference; lastKnownFileType = sourcecode.swift; path = UIViewExt.swift; sourceTree = "<group>"; };
		CD36BA9B2278E3DC00F5D18C /* UIButtonExt.swift */ = {isa = PBXFileReference; lastKnownFileType = sourcecode.swift; path = UIButtonExt.swift; sourceTree = "<group>"; };
		CD36BA9D2278E95900F5D18C /* FinishGoalVC.swift */ = {isa = PBXFileReference; lastKnownFileType = sourcecode.swift; path = FinishGoalVC.swift; sourceTree = "<group>"; };
/* End PBXFileReference section */

/* Begin PBXFrameworksBuildPhase section */
		CD20AF31226F7952005AF671 /* Frameworks */ = {
			isa = PBXFrameworksBuildPhase;
			buildActionMask = 2147483647;
			files = (
			);
			runOnlyForDeploymentPostprocessing = 0;
		};
/* End PBXFrameworksBuildPhase section */

/* Begin PBXGroup section */
		CD20AF2B226F7952005AF671 = {
			isa = PBXGroup;
			children = (
				CD20AF36226F7952005AF671 /* Goal Post */,
				CD20AF35226F7952005AF671 /* Products */,
			);
			sourceTree = "<group>";
		};
		CD20AF35226F7952005AF671 /* Products */ = {
			isa = PBXGroup;
			children = (
				CD20AF34226F7952005AF671 /* Goal Post.app */,
			);
			name = Products;
			sourceTree = "<group>";
		};
		CD20AF36226F7952005AF671 /* Goal Post */ = {
			isa = PBXGroup;
			children = (
				CD20AF58226F7FB1005AF671 /* Extensions */,
				CD20AF57226F7FAB005AF671 /* Enums */,
				CD20AF56226F7F99005AF671 /* Model */,
				CD20AF55226F7F94005AF671 /* View */,
				CD20AF54226F7F8B005AF671 /* Controller */,
				CD20AF37226F7952005AF671 /* AppDelegate.swift */,
				CD20AF3B226F7952005AF671 /* Main.storyboard */,
				CD20AF41226F7954005AF671 /* Assets.xcassets */,
				CD20AF43226F7954005AF671 /* LaunchScreen.storyboard */,
				CD20AF46226F7954005AF671 /* Info.plist */,
			);
			path = "Goal Post";
			sourceTree = "<group>";
		};
		CD20AF54226F7F8B005AF671 /* Controller */ = {
			isa = PBXGroup;
			children = (
				CD20AF39226F7952005AF671 /* GoalsVC.swift */,
				CD36BA952278C83500F5D18C /* CreateGoalVC.swift */,
				CD36BA9D2278E95900F5D18C /* FinishGoalVC.swift */,
			);
			path = Controller;
			sourceTree = "<group>";
		};
		CD20AF55226F7F94005AF671 /* View */ = {
			isa = PBXGroup;
			children = (
				CD36BA912278A37600F5D18C /* GoalCell.swift */,
			);
			path = View;
			sourceTree = "<group>";
		};
		CD20AF56226F7F99005AF671 /* Model */ = {
			isa = PBXGroup;
			children = (
				CD20AF3E226F7952005AF671 /* Goal_Post.xcdatamodeld */,
			);
			path = Model;
			sourceTree = "<group>";
		};
		CD20AF57226F7FAB005AF671 /* Enums */ = {
			isa = PBXGroup;
			children = (
				CD36BA932278BB3B00F5D18C /* GoalType.swift */,
			);
			path = Enums;
			sourceTree = "<group>";
		};
		CD20AF58226F7FB1005AF671 /* Extensions */ = {
			isa = PBXGroup;
			children = (
				CD36BA972278CA9000F5D18C /* UIViewControllerExt.swift */,
				CD36BA992278CD4D00F5D18C /* UIViewExt.swift */,
				CD36BA9B2278E3DC00F5D18C /* UIButtonExt.swift */,
			);
			path = Extensions;
			sourceTree = "<group>";
		};
/* End PBXGroup section */

/* Begin PBXNativeTarget section */
		CD20AF33226F7952005AF671 /* Goal Post */ = {
			isa = PBXNativeTarget;
			buildConfigurationList = CD20AF49226F7954005AF671 /* Build configuration list for PBXNativeTarget "Goal Post" */;
			buildPhases = (
				CD20AF30226F7952005AF671 /* Sources */,
				CD20AF31226F7952005AF671 /* Frameworks */,
				CD20AF32226F7952005AF671 /* Resources */,
			);
			buildRules = (
			);
			dependencies = (
			);
			name = "Goal Post";
			productName = "Goal Post";
			productReference = CD20AF34226F7952005AF671 /* Goal Post.app */;
			productType = "com.apple.product-type.application";
		};
/* End PBXNativeTarget section */

/* Begin PBXProject section */
		CD20AF2C226F7952005AF671 /* Project object */ = {
			isa = PBXProject;
			attributes = {
				LastSwiftUpdateCheck = 1020;
				LastUpgradeCheck = 1020;
				ORGANIZATIONNAME = Tbone;
				TargetAttributes = {
					CD20AF33226F7952005AF671 = {
						CreatedOnToolsVersion = 10.2.1;
					};
				};
			};
			buildConfigurationList = CD20AF2F226F7952005AF671 /* Build configuration list for PBXProject "Goal Post" */;
			compatibilityVersion = "Xcode 9.3";
			developmentRegion = en;
			hasScannedForEncodings = 0;
			knownRegions = (
				en,
				Base,
			);
			mainGroup = CD20AF2B226F7952005AF671;
			productRefGroup = CD20AF35226F7952005AF671 /* Products */;
			projectDirPath = "";
			projectRoot = "";
			targets = (
				CD20AF33226F7952005AF671 /* Goal Post */,
			);
		};
/* End PBXProject section */

/* Begin PBXResourcesBuildPhase section */
		CD20AF32226F7952005AF671 /* Resources */ = {
			isa = PBXResourcesBuildPhase;
			buildActionMask = 2147483647;
			files = (
				CD20AF45226F7954005AF671 /* LaunchScreen.storyboard in Resources */,
				CD20AF42226F7954005AF671 /* Assets.xcassets in Resources */,
				CD20AF3D226F7952005AF671 /* Main.storyboard in Resources */,
			);
			runOnlyForDeploymentPostprocessing = 0;
		};
/* End PBXResourcesBuildPhase section */

/* Begin PBXSourcesBuildPhase section */
		CD20AF30226F7952005AF671 /* Sources */ = {
			isa = PBXSourcesBuildPhase;
			buildActionMask = 2147483647;
			files = (
				CD36BA922278A37600F5D18C /* GoalCell.swift in Sources */,
				CD36BA962278C83500F5D18C /* CreateGoalVC.swift in Sources */,
				CD36BA942278BB3B00F5D18C /* GoalType.swift in Sources */,
				CD20AF3A226F7952005AF671 /* GoalsVC.swift in Sources */,
				CD36BA9A2278CD4D00F5D18C /* UIViewExt.swift in Sources */,
				CD20AF38226F7952005AF671 /* AppDelegate.swift in Sources */,
				CD36BA982278CA9000F5D18C /* UIViewControllerExt.swift in Sources */,
				CD36BA9C2278E3DC00F5D18C /* UIButtonExt.swift in Sources */,
				CD36BA9E2278E95900F5D18C /* FinishGoalVC.swift in Sources */,
				CD20AF40226F7952005AF671 /* Goal_Post.xcdatamodeld in Sources */,
			);
			runOnlyForDeploymentPostprocessing = 0;
		};
/* End PBXSourcesBuildPhase section */

/* Begin PBXVariantGroup section */
		CD20AF3B226F7952005AF671 /* Main.storyboard */ = {
			isa = PBXVariantGroup;
			children = (
				CD20AF3C226F7952005AF671 /* Base */,
			);
			name = Main.storyboard;
			sourceTree = "<group>";
		};
		CD20AF43226F7954005AF671 /* LaunchScreen.storyboard */ = {
			isa = PBXVariantGroup;
			children = (
				CD20AF44226F7954005AF671 /* Base */,
			);
			name = LaunchScreen.storyboard;
			sourceTree = "<group>";
		};
/* End PBXVariantGroup section */

/* Begin XCBuildConfiguration section */
		CD20AF47226F7954005AF671 /* Debug */ = {
			isa = XCBuildConfiguration;
			buildSettings = {
				ALWAYS_SEARCH_USER_PATHS = NO;
				CLANG_ANALYZER_NONNULL = YES;
				CLANG_ANALYZER_NUMBER_OBJECT_CONVERSION = YES_AGGRESSIVE;
				CLANG_CXX_LANGUAGE_STANDARD = "gnu++14";
				CLANG_CXX_LIBRARY = "libc++";
				CLANG_ENABLE_MODULES = YES;
				CLANG_ENABLE_OBJC_ARC = YES;
				CLANG_ENABLE_OBJC_WEAK = YES;
				CLANG_WARN_BLOCK_CAPTURE_AUTORELEASING = YES;
				CLANG_WARN_BOOL_CONVERSION = YES;
				CLANG_WARN_COMMA = YES;
				CLANG_WARN_CONSTANT_CONVERSION = YES;
				CLANG_WARN_DEPRECATED_OBJC_IMPLEMENTATIONS = YES;
				CLANG_WARN_DIRECT_OBJC_ISA_USAGE = YES_ERROR;
				CLANG_WARN_DOCUMENTATION_COMMENTS = YES;
				CLANG_WARN_EMPTY_BODY = YES;
				CLANG_WARN_ENUM_CONVERSION = YES;
				CLANG_WARN_INFINITE_RECURSION = YES;
				CLANG_WARN_INT_CONVERSION = YES;
				CLANG_WARN_NON_LITERAL_NULL_CONVERSION = YES;
				CLANG_WARN_OBJC_IMPLICIT_RETAIN_SELF = YES;
				CLANG_WARN_OBJC_LITERAL_CONVERSION = YES;
				CLANG_WARN_OBJC_ROOT_CLASS = YES_ERROR;
				CLANG_WARN_RANGE_LOOP_ANALYSIS = YES;
				CLANG_WARN_STRICT_PROTOTYPES = YES;
				CLANG_WARN_SUSPICIOUS_MOVE = YES;
				CLANG_WARN_UNGUARDED_AVAILABILITY = YES_AGGRESSIVE;
				CLANG_WARN_UNREACHABLE_CODE = YES;
				CLANG_WARN__DUPLICATE_METHOD_MATCH = YES;
				CODE_SIGN_IDENTITY = "iPhone Developer";
				COPY_PHASE_STRIP = NO;
				DEBUG_INFORMATION_FORMAT = dwarf;
				ENABLE_STRICT_OBJC_MSGSEND = YES;
				ENABLE_TESTABILITY = YES;
				GCC_C_LANGUAGE_STANDARD = gnu11;
				GCC_DYNAMIC_NO_PIC = NO;
				GCC_NO_COMMON_BLOCKS = YES;
				GCC_OPTIMIZATION_LEVEL = 0;
				GCC_PREPROCESSOR_DEFINITIONS = (
					"DEBUG=1",
					"$(inherited)",
				);
				GCC_WARN_64_TO_32_BIT_CONVERSION = YES;
				GCC_WARN_ABOUT_RETURN_TYPE = YES_ERROR;
				GCC_WARN_UNDECLARED_SELECTOR = YES;
				GCC_WARN_UNINITIALIZED_AUTOS = YES_AGGRESSIVE;
				GCC_WARN_UNUSED_FUNCTION = YES;
				GCC_WARN_UNUSED_VARIABLE = YES;
				IPHONEOS_DEPLOYMENT_TARGET = 12.2;
				MTL_ENABLE_DEBUG_INFO = INCLUDE_SOURCE;
				MTL_FAST_MATH = YES;
				ONLY_ACTIVE_ARCH = YES;
				SDKROOT = iphoneos;
				SWIFT_ACTIVE_COMPILATION_CONDITIONS = DEBUG;
				SWIFT_OPTIMIZATION_LEVEL = "-Onone";
			};
			name = Debug;
		};
		CD20AF48226F7954005AF671 /* Release */ = {
			isa = XCBuildConfiguration;
			buildSettings = {
				ALWAYS_SEARCH_USER_PATHS = NO;
				CLANG_ANALYZER_NONNULL = YES;
				CLANG_ANALYZER_NUMBER_OBJECT_CONVERSION = YES_AGGRESSIVE;
				CLANG_CXX_LANGUAGE_STANDARD = "gnu++14";
				CLANG_CXX_LIBRARY = "libc++";
				CLANG_ENABLE_MODULES = YES;
				CLANG_ENABLE_OBJC_ARC = YES;
				CLANG_ENABLE_OBJC_WEAK = YES;
				CLANG_WARN_BLOCK_CAPTURE_AUTORELEASING = YES;
				CLANG_WARN_BOOL_CONVERSION = YES;
				CLANG_WARN_COMMA = YES;
				CLANG_WARN_CONSTANT_CONVERSION = YES;
				CLANG_WARN_DEPRECATED_OBJC_IMPLEMENTATIONS = YES;
				CLANG_WARN_DIRECT_OBJC_ISA_USAGE = YES_ERROR;
				CLANG_WARN_DOCUMENTATION_COMMENTS = YES;
				CLANG_WARN_EMPTY_BODY = YES;
				CLANG_WARN_ENUM_CONVERSION = YES;
				CLANG_WARN_INFINITE_RECURSION = YES;
				CLANG_WARN_INT_CONVERSION = YES;
				CLANG_WARN_NON_LITERAL_NULL_CONVERSION = YES;
				CLANG_WARN_OBJC_IMPLICIT_RETAIN_SELF = YES;
				CLANG_WARN_OBJC_LITERAL_CONVERSION = YES;
				CLANG_WARN_OBJC_ROOT_CLASS = YES_ERROR;
				CLANG_WARN_RANGE_LOOP_ANALYSIS = YES;
				CLANG_WARN_STRICT_PROTOTYPES = YES;
				CLANG_WARN_SUSPICIOUS_MOVE = YES;
				CLANG_WARN_UNGUARDED_AVAILABILITY = YES_AGGRESSIVE;
				CLANG_WARN_UNREACHABLE_CODE = YES;
				CLANG_WARN__DUPLICATE_METHOD_MATCH = YES;
				CODE_SIGN_IDENTITY = "iPhone Developer";
				COPY_PHASE_STRIP = NO;
				DEBUG_INFORMATION_FORMAT = "dwarf-with-dsym";
				ENABLE_NS_ASSERTIONS = NO;
				ENABLE_STRICT_OBJC_MSGSEND = YES;
				GCC_C_LANGUAGE_STANDARD = gnu11;
				GCC_NO_COMMON_BLOCKS = YES;
				GCC_WARN_64_TO_32_BIT_CONVERSION = YES;
				GCC_WARN_ABOUT_RETURN_TYPE = YES_ERROR;
				GCC_WARN_UNDECLARED_SELECTOR = YES;
				GCC_WARN_UNINITIALIZED_AUTOS = YES_AGGRESSIVE;
				GCC_WARN_UNUSED_FUNCTION = YES;
				GCC_WARN_UNUSED_VARIABLE = YES;
				IPHONEOS_DEPLOYMENT_TARGET = 12.2;
				MTL_ENABLE_DEBUG_INFO = NO;
				MTL_FAST_MATH = YES;
				SDKROOT = iphoneos;
				SWIFT_COMPILATION_MODE = wholemodule;
				SWIFT_OPTIMIZATION_LEVEL = "-O";
				VALIDATE_PRODUCT = YES;
			};
			name = Release;
		};
		CD20AF4A226F7954005AF671 /* Debug */ = {
			isa = XCBuildConfiguration;
			buildSettings = {
				ASSETCATALOG_COMPILER_APPICON_NAME = AppIcon;
				CODE_SIGN_STYLE = Automatic;
				DEVELOPMENT_TEAM = 473SHKFLJ4;
				INFOPLIST_FILE = "Goal Post/Info.plist";
				LD_RUNPATH_SEARCH_PATHS = (
					"$(inherited)",
					"@executable_path/Frameworks",
				);
				PRODUCT_BUNDLE_IDENTIFIER = "com.Goal-Post";
				PRODUCT_NAME = "$(TARGET_NAME)";
				SWIFT_VERSION = 5.0;
				TARGETED_DEVICE_FAMILY = "1,2";
			};
			name = Debug;
		};
		CD20AF4B226F7954005AF671 /* Release */ = {
			isa = XCBuildConfiguration;
			buildSettings = {
				ASSETCATALOG_COMPILER_APPICON_NAME = AppIcon;
				CODE_SIGN_STYLE = Automatic;
				DEVELOPMENT_TEAM = 473SHKFLJ4;
				INFOPLIST_FILE = "Goal Post/Info.plist";
				LD_RUNPATH_SEARCH_PATHS = (
					"$(inherited)",
					"@executable_path/Frameworks",
				);
				PRODUCT_BUNDLE_IDENTIFIER = "com.Goal-Post";
				PRODUCT_NAME = "$(TARGET_NAME)";
				SWIFT_VERSION = 5.0;
				TARGETED_DEVICE_FAMILY = "1,2";
			};
			name = Release;
		};
/* End XCBuildConfiguration section */

/* Begin XCConfigurationList section */
		CD20AF2F226F7952005AF671 /* Build configuration list for PBXProject "Goal Post" */ = {
			isa = XCConfigurationList;
			buildConfigurations = (
				CD20AF47226F7954005AF671 /* Debug */,
				CD20AF48226F7954005AF671 /* Release */,
			);
			defaultConfigurationIsVisible = 0;
			defaultConfigurationName = Release;
		};
		CD20AF49226F7954005AF671 /* Build configuration list for PBXNativeTarget "Goal Post" */ = {
			isa = XCConfigurationList;
			buildConfigurations = (
				CD20AF4A226F7954005AF671 /* Debug */,
				CD20AF4B226F7954005AF671 /* Release */,
			);
			defaultConfigurationIsVisible = 0;
			defaultConfigurationName = Release;
		};
/* End XCConfigurationList section */

/* Begin XCVersionGroup section */
		CD20AF3E226F7952005AF671 /* Goal_Post.xcdatamodeld */ = {
			isa = XCVersionGroup;
			children = (
				CD20AF3F226F7952005AF671 /* Goal_Post.xcdatamodel */,
			);
			currentVersion = CD20AF3F226F7952005AF671 /* Goal_Post.xcdatamodel */;
			path = Goal_Post.xcdatamodeld;
			sourceTree = "<group>";
			versionGroupType = wrapper.xcdatamodel;
		};
/* End XCVersionGroup section */
	};
	rootObject = CD20AF2C226F7952005AF671 /* Project object */;
}
